
Microsoft Visual Studio Solution File, Format Version 12.00
# Visual Studio Version 16
VisualStudioVersion = 16.0.30611.23
MinimumVisualStudioVersion = 10.0.40219.1
Project("{9A19103F-16F7-4668-BE54-9A1E7A4F7556}") = "Worker-Consumer", "Worker-Consumer.csproj", "{284B04CD-DEBE-4AD3-90D9-66010435958E}"
EndProject
Project("{9A19103F-16F7-4668-BE54-9A1E7A4F7556}") = "Worker-Producer", "..\Worker-Producer\Worker-Producer.csproj", "{6E5889D8-40E8-4135-843C-0CAAB878AF2A}"
EndProject
Global
	GlobalSection(SolutionConfigurationPlatforms) = preSolution
		Debug|Any CPU = Debug|Any CPU
		Release|Any CPU = Release|Any CPU
	EndGlobalSection
	GlobalSection(ProjectConfigurationPlatforms) = postSolution
		{284B04CD-DEBE-4AD3-90D9-66010435958E}.Debug|Any CPU.ActiveCfg = Debug|Any CPU
		{284B04CD-DEBE-4AD3-90D9-66010435958E}.Debug|Any CPU.Build.0 = Debug|Any CPU
		{284B04CD-DEBE-4AD3-90D9-66010435958E}.Release|Any CPU.ActiveCfg = Release|Any CPU
		{284B04CD-DEBE-4AD3-90D9-66010435958E}.Release|Any CPU.Build.0 = Release|Any CPU
		{6E5889D8-40E8-4135-843C-0CAAB878AF2A}.Debug|Any CPU.ActiveCfg = Debug|Any CPU
		{6E5889D8-40E8-4135-843C-0CAAB878AF2A}.Debug|Any CPU.Build.0 = Debug|Any CPU
		{6E5889D8-40E8-4135-843C-0CAAB878AF2A}.Release|Any CPU.ActiveCfg = Release|Any CPU
		{6E5889D8-40E8-4135-843C-0CAAB878AF2A}.Release|Any CPU.Build.0 = Release|Any CPU
	EndGlobalSection
	GlobalSection(SolutionProperties) = preSolution
		HideSolutionNode = FALSE
	EndGlobalSection
	GlobalSection(ExtensibilityGlobals) = postSolution
		SolutionGuid = {F15A0154-8012-4812-B368-8639E37CB8A1}
	EndGlobalSection
EndGlobal
